<?xml version="1.0" encoding="utf-8"?>
<Project ToolsVersion="4.0" xmlns="http://schemas.microsoft.com/developer/msbuild/2003">
  <ItemGroup>
    <Filter Include="Imgui">
      <UniqueIdentifier>{81668a3b-a859-4e64-b55d-3bdb2665f7b6}</UniqueIdentifier>
    </Filter>
    <Filter Include="Renderer">
      <UniqueIdentifier>{4FC737F1-C7A5-4376-A066-2A32D752A2FF}</UniqueIdentifier>
    </Filter>
  </ItemGroup>
  <ItemGroup>
    <ClInclude Include="renderer\scene.h">
      <Filter>Header Files</Filter>
    </ClInclude>
    <ClInclude Include="..\..\extern\imgui\imconfig.h">
      <Filter>Imgui</Filter>
    </ClInclude>
    <ClInclude Include="..\..\extern\imgui\imgui.h">
      <Filter>Imgui</Filter>
    </ClInclude>
    <ClInclude Include="..\..\extern\imgui\imgui_internal.h">
      <Filter>Imgui</Filter>
    </ClInclude>
    <ClInclude Include="..\..\extern\imgui\imstb_rectpack.h">
      <Filter>Imgui</Filter>
    </ClInclude>
    <ClInclude Include="..\..\extern\imgui\imstb_textedit.h">
      <Filter>Imgui</Filter>
    </ClInclude>
    <ClInclude Include="..\..\extern\imgui\imstb_truetype.h">
      <Filter>Imgui</Filter>
    </ClInclude>
    <ClInclude Include="renderer\color.h">
      <Filter>Renderer</Filter>
    </ClInclude>
    <ClInclude Include="renderer\devicedx12.h">
      <Filter>Renderer</Filter>
    </ClInclude>
    <ClInclude Include="renderer\imguirendererdx12.h">
      <Filter>Renderer</Filter>
    </ClInclude>
    <ClInclude Include="renderer\math.h">
      <Filter>Renderer</Filter>
    </ClInclude>
    <ClInclude Include="renderer\scene.h">
      <Filter>Renderer</Filter>
    </ClInclude>
    <ClInclude Include="renderer\scenerenderer.h">
      <Filter>Renderer</Filter>
    </ClInclude>
    <ClInclude Include="renderer\scenerendererdx12.h">
      <Filter>Renderer</Filter>
    </ClInclude>
    <ClInclude Include="renderer\scenerenderersoftware.h">
      <Filter>Renderer</Filter>
    </ClInclude>
    <ClInclude Include="renderer\texture.h">
      <Filter>Renderer</Filter>
    </ClInclude>
    <ClInclude Include="renderer\utils.h">
      <Filter>Renderer</Filter>
    </ClInclude>
    <ClInclude Include="..\..\extern\imgui\backends\imgui_impl_dx12.h">
      <Filter>Imgui</Filter>
    </ClInclude>
  </ItemGroup>
  <ItemGroup>
    <ClCompile Include="renderer\color.cpp">
      <Filter>Renderer</Filter>
    </ClCompile>
    <ClCompile Include="renderer\devicedx12.cpp">
      <Filter>Renderer</Filter>
    </ClCompile>
    <ClCompile Include="renderer\imguirendererdx12.cpp">
      <Filter>Renderer</Filter>
    </ClCompile>
    <ClCompile Include="renderer\math.cpp">
      <Filter>Renderer</Filter>
    </ClCompile>
    <ClCompile Include="renderer\scene.cpp">
      <Filter>Renderer</Filter>
    </ClCompile>
    <ClCompile Include="renderer\scenerendererdx12.cpp">
      <Filter>Renderer</Filter>
    </ClCompile>
    <ClCompile Include="renderer\scenerenderersoftware.cpp">
      <Filter>Renderer</Filter>
    </ClCompile>
    <ClCompile Include="renderer\texture.cpp">
      <Filter>Renderer</Filter>
    </ClCompile>
    <ClCompile Include="..\..\extern\imgui\imgui.cpp">
      <Filter>Imgui</Filter>
    </ClCompile>
    <ClCompile Include="..\..\extern\imgui\imgui_demo.cpp">
      <Filter>Imgui</Filter>
    </ClCompile>
    <ClCompile Include="..\..\extern\imgui\imgui_draw.cpp">
      <Filter>Imgui</Filter>
    </ClCompile>
    <ClCompile Include="..\..\extern\imgui\imgui_tables.cpp">
      <Filter>Imgui</Filter>
    </ClCompile>
    <ClCompile Include="..\..\extern\imgui\imgui_widgets.cpp">
      <Filter>Imgui</Filter>
    </ClCompile>
    <ClCompile Include="..\..\extern\imgui\backends\imgui_impl_dx12.cpp">
      <Filter>Imgui</Filter>
    </ClCompile>
  </ItemGroup>
</Project>